
Microsoft Visual Studio Solution File, Format Version 11.00
# Visual Studio 2010
Project("{FAE04EC0-301F-11D3-BF4B-00C04F79EFBC}") = "SignalRChat", "SignalRChat\SignalRChat.csproj", "{87C442B3-38A8-4C71-A05F-3643D235E525}"
EndProject
Project("{FAE04EC0-301F-11D3-BF4B-00C04F79EFBC}") = "SignalRChat.Tests", "SignalRChat.Tests\SignalRChat.Tests.csproj", "{3E79A853-E33C-4528-AFD5-57FE4396108D}"
EndProject
Global
	GlobalSection(SolutionConfigurationPlatforms) = preSolution
		Debug|Any CPU = Debug|Any CPU
		Release|Any CPU = Release|Any CPU
	EndGlobalSection
	GlobalSection(ProjectConfigurationPlatforms) = postSolution
		{87C442B3-38A8-4C71-A05F-3643D235E525}.Debug|Any CPU.ActiveCfg = Debug|Any CPU
		{87C442B3-38A8-4C71-A05F-3643D235E525}.Debug|Any CPU.Build.0 = Debug|Any CPU
		{87C442B3-38A8-4C71-A05F-3643D235E525}.Release|Any CPU.ActiveCfg = Release|Any CPU
		{87C442B3-38A8-4C71-A05F-3643D235E525}.Release|Any CPU.Build.0 = Release|Any CPU
		{3E79A853-E33C-4528-AFD5-57FE4396108D}.Debug|Any CPU.ActiveCfg = Debug|Any CPU
		{3E79A853-E33C-4528-AFD5-57FE4396108D}.Debug|Any CPU.Build.0 = Debug|Any CPU
		{3E79A853-E33C-4528-AFD5-57FE4396108D}.Release|Any CPU.ActiveCfg = Release|Any CPU
		{3E79A853-E33C-4528-AFD5-57FE4396108D}.Release|Any CPU.Build.0 = Release|Any CPU
	EndGlobalSection
	GlobalSection(SolutionProperties) = preSolution
		HideSolutionNode = FALSE
	EndGlobalSection
EndGlobal
